
Microsoft Visual Studio Solution File, Format Version 12.00
# Visual Studio Version 16
VisualStudioVersion = 16.0.29102.190
MinimumVisualStudioVersion = 10.0.40219.1
Project("{9A19103F-16F7-4668-BE54-9A1E7A4F7556}") = "NemDistance", "NemDistance\NemDistance.csproj", "{A1A33112-23B8-43D9-8600-18AD2CFA8B45}"
EndProject
Project("{FAE04EC0-301F-11D3-BF4B-00C04F79EFBC}") = "XU_NemDistance", "XU_NemDistance\XU_NemDistance.csproj", "{0A6C4A66-5F8F-4476-A2AD-92F8C7163B73}"
EndProject
Project("{2150E333-8FDC-42A3-9474-1A3956D46DE8}") = "Solution Items", "Solution Items", "{40FA63FE-98D4-480F-912D-28504A400838}"
	ProjectSection(SolutionItems) = preProject
		README.md = README.md
	EndProjectSection
EndProject
Global
	GlobalSection(SolutionConfigurationPlatforms) = preSolution
		Debug|Any CPU = Debug|Any CPU
		Release|Any CPU = Release|Any CPU
	EndGlobalSection
	GlobalSection(ProjectConfigurationPlatforms) = postSolution
		{A1A33112-23B8-43D9-8600-18AD2CFA8B45}.Debug|Any CPU.ActiveCfg = Debug|Any CPU
		{A1A33112-23B8-43D9-8600-18AD2CFA8B45}.Debug|Any CPU.Build.0 = Debug|Any CPU
		{A1A33112-23B8-43D9-8600-18AD2CFA8B45}.Release|Any CPU.ActiveCfg = Release|Any CPU
		{A1A33112-23B8-43D9-8600-18AD2CFA8B45}.Release|Any CPU.Build.0 = Release|Any CPU
		{0A6C4A66-5F8F-4476-A2AD-92F8C7163B73}.Debug|Any CPU.ActiveCfg = Debug|Any CPU
		{0A6C4A66-5F8F-4476-A2AD-92F8C7163B73}.Debug|Any CPU.Build.0 = Debug|Any CPU
		{0A6C4A66-5F8F-4476-A2AD-92F8C7163B73}.Release|Any CPU.ActiveCfg = Release|Any CPU
		{0A6C4A66-5F8F-4476-A2AD-92F8C7163B73}.Release|Any CPU.Build.0 = Release|Any CPU
	EndGlobalSection
	GlobalSection(SolutionProperties) = preSolution
		HideSolutionNode = FALSE
	EndGlobalSection
	GlobalSection(ExtensibilityGlobals) = postSolution
		SolutionGuid = {247D3966-8031-4F14-B16E-66ACCFCF580C}
	EndGlobalSection
EndGlobal
